// !$*UTF8*$!
{
	archiveVersion = 1;
	classes = {
	};
	objectVersion = 46;
	objects = {

/* Begin PBXBuildFile section */
		4E1125E118A84A970071B39A /* ProfilePageCollectionViewCell.m in Sources */ = {isa = PBXBuildFile; fileRef = 4E1125E018A84A970071B39A /* ProfilePageCollectionViewCell.m */; };
		4E1125E418A882980071B39A /* LandingPageViewController.m in Sources */ = {isa = PBXBuildFile; fileRef = 4E1125E318A882980071B39A /* LandingPageViewController.m */; };
		4E1125E718A882B10071B39A /* TrendingPageViewController.m in Sources */ = {isa = PBXBuildFile; fileRef = 4E1125E618A882B10071B39A /* TrendingPageViewController.m */; };
		4E1125EA18A882C00071B39A /* CategoriesPageViewController.m in Sources */ = {isa = PBXBuildFile; fileRef = 4E1125E918A882C00071B39A /* CategoriesPageViewController.m */; };
		4E1125ED18A882CE0071B39A /* NetworkPageViewController.m in Sources */ = {isa = PBXBuildFile; fileRef = 4E1125EC18A882CE0071B39A /* NetworkPageViewController.m */; };
		4E176F7B18A048CD00C0CDBB /* UIImage+Resize.m in Sources */ = {isa = PBXBuildFile; fileRef = 4E176F7A18A048CD00C0CDBB /* UIImage+Resize.m */; };
		4E2A000618A49FC500BB972E /* profilePlaceholder.jpg in Resources */ = {isa = PBXBuildFile; fileRef = 4E2A000518A49FC500BB972E /* profilePlaceholder.jpg */; };
		4E2A000A18A4A16D00BB972E /* imagePlaceholderInverted.png in Resources */ = {isa = PBXBuildFile; fileRef = 4E2A000918A4A16D00BB972E /* imagePlaceholderInverted.png */; };
		4E2A000C18A4A53C00BB972E /* user-60.png in Resources */ = {isa = PBXBuildFile; fileRef = 4E2A000B18A4A53C00BB972E /* user-60.png */; };
		4E2A000E18A4A58D00BB972E /* plus_64.png in Resources */ = {isa = PBXBuildFile; fileRef = 4E2A000D18A4A58D00BB972E /* plus_64.png */; };
		4E2A001018A4A5CC00BB972E /* user-44.png in Resources */ = {isa = PBXBuildFile; fileRef = 4E2A000F18A4A5CC00BB972E /* user-44.png */; };
		4E2A001218A4A60800BB972E /* user-22.png in Resources */ = {isa = PBXBuildFile; fileRef = 4E2A001118A4A60800BB972E /* user-22.png */; };
		4E2A001418A4A73A00BB972E /* plus_22.png in Resources */ = {isa = PBXBuildFile; fileRef = 4E2A001318A4A73A00BB972E /* plus_22.png */; };
		4E3026AC189AF560009EE649 /* HelperMethods.m in Sources */ = {isa = PBXBuildFile; fileRef = 4E3026AB189AF560009EE649 /* HelperMethods.m */; };
		4E3026AE189AF9C2009EE649 /* imagePlaceholder.png in Resources */ = {isa = PBXBuildFile; fileRef = 4E3026AD189AF9C2009EE649 /* imagePlaceholder.png */; };
		4E31F5F418958774003C1E54 /* NSCharacterSet+CustomSets.m in Sources */ = {isa = PBXBuildFile; fileRef = 4E31F5F318958774003C1E54 /* NSCharacterSet+CustomSets.m */; };
		4E31F5F61895A261003C1E54 /* bg_01.png in Resources */ = {isa = PBXBuildFile; fileRef = 4E31F5F51895A261003C1E54 /* bg_01.png */; };
		4E31F5FC1895A8A8003C1E54 /* bg_04.png in Resources */ = {isa = PBXBuildFile; fileRef = 4E31F5F71895A8A8003C1E54 /* bg_04.png */; };
		4E31F5FD1895A8A8003C1E54 /* bg_02.png in Resources */ = {isa = PBXBuildFile; fileRef = 4E31F5F81895A8A8003C1E54 /* bg_02.png */; };
		4E31F5FE1895A8A8003C1E54 /* bg_06.png in Resources */ = {isa = PBXBuildFile; fileRef = 4E31F5F91895A8A8003C1E54 /* bg_06.png */; };
		4E31F5FF1895A8A8003C1E54 /* bg_05.png in Resources */ = {isa = PBXBuildFile; fileRef = 4E31F5FA1895A8A8003C1E54 /* bg_05.png */; };
		4E31F6001895A8A8003C1E54 /* bg_03.png in Resources */ = {isa = PBXBuildFile; fileRef = 4E31F5FB1895A8A8003C1E54 /* bg_03.png */; };
		4E31F6031895B494003C1E54 /* bg_07.png in Resources */ = {isa = PBXBuildFile; fileRef = 4E31F6011895B494003C1E54 /* bg_07.png */; };
		4E31F6041895B494003C1E54 /* bg_08.png in Resources */ = {isa = PBXBuildFile; fileRef = 4E31F6021895B494003C1E54 /* bg_08.png */; };
		4E31F6061895B576003C1E54 /* bg_09.png in Resources */ = {isa = PBXBuildFile; fileRef = 4E31F6051895B576003C1E54 /* bg_09.png */; };
		4E320D60189C43FA00933EC8 /* SharedNetworkController.m in Sources */ = {isa = PBXBuildFile; fileRef = 4E320D5F189C43FA00933EC8 /* SharedNetworkController.m */; };
		4E32BE8B189EBD1A00664338 /* SFCache.m in Sources */ = {isa = PBXBuildFile; fileRef = 4E32BE8A189EBD1A00664338 /* SFCache.m */; };
		4E32BE8E189EC30700664338 /* SFConstants.m in Sources */ = {isa = PBXBuildFile; fileRef = 4E32BE8D189EC30700664338 /* SFConstants.m */; };
		4E3870431894515300AC82E2 /* SpiceModel.xcdatamodeld in Sources */ = {isa = PBXBuildFile; fileRef = 4E3870411894515300AC82E2 /* SpiceModel.xcdatamodeld */; };
		4E38704518946E4E00AC82E2 /* CoreData.framework in Frameworks */ = {isa = PBXBuildFile; fileRef = 4E38704418946E4E00AC82E2 /* CoreData.framework */; };
		4E387047189479D500AC82E2 /* Parse.framework in Frameworks */ = {isa = PBXBuildFile; fileRef = 4E387046189479D500AC82E2 /* Parse.framework */; };
		4E38704918947A0C00AC82E2 /* AudioToolbox.framework in Frameworks */ = {isa = PBXBuildFile; fileRef = 4E38704818947A0C00AC82E2 /* AudioToolbox.framework */; };
		4E38704B18947A1100AC82E2 /* CFNetwork.framework in Frameworks */ = {isa = PBXBuildFile; fileRef = 4E38704A18947A1100AC82E2 /* CFNetwork.framework */; };
		4E38704D18947A1B00AC82E2 /* CoreLocation.framework in Frameworks */ = {isa = PBXBuildFile; fileRef = 4E38704C18947A1B00AC82E2 /* CoreLocation.framework */; };
		4E38704F18947A2500AC82E2 /* libz.dylib in Frameworks */ = {isa = PBXBuildFile; fileRef = 4E38704E18947A2500AC82E2 /* libz.dylib */; };
		4E38705118947A2C00AC82E2 /* MobileCoreServices.framework in Frameworks */ = {isa = PBXBuildFile; fileRef = 4E38705018947A2C00AC82E2 /* MobileCoreServices.framework */; };
		4E38705318947A3500AC82E2 /* QuartzCore.framework in Frameworks */ = {isa = PBXBuildFile; fileRef = 4E38705218947A3500AC82E2 /* QuartzCore.framework */; };
		4E38705518947A3A00AC82E2 /* Security.framework in Frameworks */ = {isa = PBXBuildFile; fileRef = 4E38705418947A3A00AC82E2 /* Security.framework */; };
		4E38705718947A3F00AC82E2 /* StoreKit.framework in Frameworks */ = {isa = PBXBuildFile; fileRef = 4E38705618947A3F00AC82E2 /* StoreKit.framework */; };
		4E38705918947A4400AC82E2 /* SystemConfiguration.framework in Frameworks */ = {isa = PBXBuildFile; fileRef = 4E38705818947A4400AC82E2 /* SystemConfiguration.framework */; };
		4E38705D1894870E00AC82E2 /* spiceIcon.png in Resources */ = {isa = PBXBuildFile; fileRef = 4E38705C1894870E00AC82E2 /* spiceIcon.png */; };
		4E3AE35718A01A350005997D /* SFUtility.m in Sources */ = {isa = PBXBuildFile; fileRef = 4E3AE35618A01A350005997D /* SFUtility.m */; };
		4E42AAAC189DBE1600331108 /* UIView+ViewAnimations.m in Sources */ = {isa = PBXBuildFile; fileRef = 4E42AAAB189DBE1600331108 /* UIView+ViewAnimations.m */; };
		4E9C850F1890D34400729455 /* EmailResendConfirmationViewController.m in Sources */ = {isa = PBXBuildFile; fileRef = 4E9C850E1890D34400729455 /* EmailResendConfirmationViewController.m */; };
		4E9C85121890DF7700729455 /* profileAvatar.png in Resources */ = {isa = PBXBuildFile; fileRef = 4E9C85111890DF7700729455 /* profileAvatar.png */; };
		4EAA708E188CC8ED004CA02A /* Foundation.framework in Frameworks */ = {isa = PBXBuildFile; fileRef = 4EAA708D188CC8ED004CA02A /* Foundation.framework */; };
		4EAA7090188CC8ED004CA02A /* CoreGraphics.framework in Frameworks */ = {isa = PBXBuildFile; fileRef = 4EAA708F188CC8ED004CA02A /* CoreGraphics.framework */; };
		4EAA7092188CC8ED004CA02A /* UIKit.framework in Frameworks */ = {isa = PBXBuildFile; fileRef = 4EAA7091188CC8ED004CA02A /* UIKit.framework */; };
		4EAA7098188CC8ED004CA02A /* InfoPlist.strings in Resources */ = {isa = PBXBuildFile; fileRef = 4EAA7096188CC8ED004CA02A /* InfoPlist.strings */; };
		4EAA709A188CC8ED004CA02A /* main.m in Sources */ = {isa = PBXBuildFile; fileRef = 4EAA7099188CC8ED004CA02A /* main.m */; };
		4EAA709E188CC8ED004CA02A /* AppDelegate.m in Sources */ = {isa = PBXBuildFile; fileRef = 4EAA709D188CC8ED004CA02A /* AppDelegate.m */; };
		4EAA70A1188CC8ED004CA02A /* Main.storyboard in Resources */ = {isa = PBXBuildFile; fileRef = 4EAA709F188CC8ED004CA02A /* Main.storyboard */; };
		4EAA70A4188CC8ED004CA02A /* ViewController.m in Sources */ = {isa = PBXBuildFile; fileRef = 4EAA70A3188CC8ED004CA02A /* ViewController.m */; };
		4EAA70A6188CC8ED004CA02A /* Images.xcassets in Resources */ = {isa = PBXBuildFile; fileRef = 4EAA70A5188CC8ED004CA02A /* Images.xcassets */; };
		4EAA70AD188CC8ED004CA02A /* XCTest.framework in Frameworks */ = {isa = PBXBuildFile; fileRef = 4EAA70AC188CC8ED004CA02A /* XCTest.framework */; };
		4EAA70AE188CC8ED004CA02A /* Foundation.framework in Frameworks */ = {isa = PBXBuildFile; fileRef = 4EAA708D188CC8ED004CA02A /* Foundation.framework */; };
		4EAA70AF188CC8ED004CA02A /* UIKit.framework in Frameworks */ = {isa = PBXBuildFile; fileRef = 4EAA7091188CC8ED004CA02A /* UIKit.framework */; };
		4EAA70B7188CC8ED004CA02A /* InfoPlist.strings in Resources */ = {isa = PBXBuildFile; fileRef = 4EAA70B5188CC8ED004CA02A /* InfoPlist.strings */; };
		4EAA70B9188CC8ED004CA02A /* _0140119_SpiceFeedTests.m in Sources */ = {isa = PBXBuildFile; fileRef = 4EAA70B8188CC8ED004CA02A /* _0140119_SpiceFeedTests.m */; };
		4EAA7137188CE0CA004CA02A /* SearchPageViewController.m in Sources */ = {isa = PBXBuildFile; fileRef = 4EAA7136188CE0CA004CA02A /* SearchPageViewController.m */; };
		4EAA713B188CE105004CA02A /* ProfilePageViewController.m in Sources */ = {isa = PBXBuildFile; fileRef = 4EAA713A188CE105004CA02A /* ProfilePageViewController.m */; };
		4EAA7142188CE15D004CA02A /* SearchResultViewController.m in Sources */ = {isa = PBXBuildFile; fileRef = 4EAA7141188CE15D004CA02A /* SearchResultViewController.m */; };
		4EAA7146188CE189004CA02A /* TagResultViewController.m in Sources */ = {isa = PBXBuildFile; fileRef = 4EAA7145188CE189004CA02A /* TagResultViewController.m */; };
		4EAA714A188CE3BC004CA02A /* LoginPageController.m in Sources */ = {isa = PBXBuildFile; fileRef = 4EAA7149188CE3BC004CA02A /* LoginPageController.m */; };
		4EAA714E188CE481004CA02A /* FlavePageViewController.m in Sources */ = {isa = PBXBuildFile; fileRef = 4EAA714D188CE481004CA02A /* FlavePageViewController.m */; };
		4EAE296E1894D0DF00DB7FBE /* SignupPageViewController.m in Sources */ = {isa = PBXBuildFile; fileRef = 4EAE296D1894D0DF00DB7FBE /* SignupPageViewController.m */; };
		4EE5719C1899BEAE00ED4E1A /* AddFlavePageViewController.m in Sources */ = {isa = PBXBuildFile; fileRef = 4EE5719B1899BEAE00ED4E1A /* AddFlavePageViewController.m */; };
		4EF43BB118A15648005675B5 /* ParseUtilities.m in Sources */ = {isa = PBXBuildFile; fileRef = 4EF43BB018A15648005675B5 /* ParseUtilities.m */; };
		4EF4A3B718A95B9A001A0BE8 /* spiceFeedIcon.png in Resources */ = {isa = PBXBuildFile; fileRef = 4EF4A3B618A95B9A001A0BE8 /* spiceFeedIcon.png */; };
/* End PBXBuildFile section */

/* Begin PBXContainerItemProxy section */
		4EAA70B0188CC8ED004CA02A /* PBXContainerItemProxy */ = {
			isa = PBXContainerItemProxy;
			containerPortal = 4EAA7082188CC8ED004CA02A /* Project object */;
			proxyType = 1;
			remoteGlobalIDString = 4EAA7089188CC8ED004CA02A;
			remoteInfo = 20140119_SpiceFeed;
		};
/* End PBXContainerItemProxy section */

/* Begin PBXFileReference section */
		4E1125DF18A84A970071B39A /* ProfilePageCollectionViewCell.h */ = {isa = PBXFileReference; fileEncoding = 4; lastKnownFileType = sourcecode.c.h; name = ProfilePageCollectionViewCell.h; path = ../ProfilePageCollectionViewCell.h; sourceTree = "<group>"; };
		4E1125E018A84A970071B39A /* ProfilePageCollectionViewCell.m */ = {isa = PBXFileReference; fileEncoding = 4; lastKnownFileType = sourcecode.c.objc; name = ProfilePageCollectionViewCell.m; path = ../ProfilePageCollectionViewCell.m; sourceTree = "<group>"; };
		4E1125E218A882980071B39A /* LandingPageViewController.h */ = {isa = PBXFileReference; fileEncoding = 4; lastKnownFileType = sourcecode.c.h; path = LandingPageViewController.h; sourceTree = "<group>"; };
		4E1125E318A882980071B39A /* LandingPageViewController.m */ = {isa = PBXFileReference; fileEncoding = 4; lastKnownFileType = sourcecode.c.objc; path = LandingPageViewController.m; sourceTree = "<group>"; };
		4E1125E518A882B10071B39A /* TrendingPageViewController.h */ = {isa = PBXFileReference; fileEncoding = 4; lastKnownFileType = sourcecode.c.h; path = TrendingPageViewController.h; sourceTree = "<group>"; };
		4E1125E618A882B10071B39A /* TrendingPageViewController.m */ = {isa = PBXFileReference; fileEncoding = 4; lastKnownFileType = sourcecode.c.objc; path = TrendingPageViewController.m; sourceTree = "<group>"; };
		4E1125E818A882C00071B39A /* CategoriesPageViewController.h */ = {isa = PBXFileReference; fileEncoding = 4; lastKnownFileType = sourcecode.c.h; path = CategoriesPageViewController.h; sourceTree = "<group>"; };
		4E1125E918A882C00071B39A /* CategoriesPageViewController.m */ = {isa = PBXFileReference; fileEncoding = 4; lastKnownFileType = sourcecode.c.objc; path = CategoriesPageViewController.m; sourceTree = "<group>"; };
		4E1125EB18A882CE0071B39A /* NetworkPageViewController.h */ = {isa = PBXFileReference; fileEncoding = 4; lastKnownFileType = sourcecode.c.h; path = NetworkPageViewController.h; sourceTree = "<group>"; };
		4E1125EC18A882CE0071B39A /* NetworkPageViewController.m */ = {isa = PBXFileReference; fileEncoding = 4; lastKnownFileType = sourcecode.c.objc; path = NetworkPageViewController.m; sourceTree = "<group>"; };
		4E176F7918A048CD00C0CDBB /* UIImage+Resize.h */ = {isa = PBXFileReference; fileEncoding = 4; lastKnownFileType = sourcecode.c.h; path = "UIImage+Resize.h"; sourceTree = "<group>"; };
		4E176F7A18A048CD00C0CDBB /* UIImage+Resize.m */ = {isa = PBXFileReference; fileEncoding = 4; lastKnownFileType = sourcecode.c.objc; path = "UIImage+Resize.m"; sourceTree = "<group>"; };
		4E2A000518A49FC500BB972E /* profilePlaceholder.jpg */ = {isa = PBXFileReference; lastKnownFileType = image.jpeg; path = profilePlaceholder.jpg; sourceTree = "<group>"; };
		4E2A000918A4A16D00BB972E /* imagePlaceholderInverted.png */ = {isa = PBXFileReference; lastKnownFileType = image.png; path = imagePlaceholderInverted.png; sourceTree = "<group>"; };
		4E2A000B18A4A53C00BB972E /* user-60.png */ = {isa = PBXFileReference; lastKnownFileType = image.png; path = "user-60.png"; sourceTree = "<group>"; };
		4E2A000D18A4A58D00BB972E /* plus_64.png */ = {isa = PBXFileReference; lastKnownFileType = image.png; path = plus_64.png; sourceTree = "<group>"; };
		4E2A000F18A4A5CC00BB972E /* user-44.png */ = {isa = PBXFileReference; lastKnownFileType = image.png; path = "user-44.png"; sourceTree = "<group>"; };
		4E2A001118A4A60800BB972E /* user-22.png */ = {isa = PBXFileReference; lastKnownFileType = image.png; path = "user-22.png"; sourceTree = "<group>"; };
		4E2A001318A4A73A00BB972E /* plus_22.png */ = {isa = PBXFileReference; lastKnownFileType = image.png; path = plus_22.png; sourceTree = "<group>"; };
		4E3026AA189AF560009EE649 /* HelperMethods.h */ = {isa = PBXFileReference; fileEncoding = 4; lastKnownFileType = sourcecode.c.h; path = HelperMethods.h; sourceTree = "<group>"; };
		4E3026AB189AF560009EE649 /* HelperMethods.m */ = {isa = PBXFileReference; fileEncoding = 4; lastKnownFileType = sourcecode.c.objc; path = HelperMethods.m; sourceTree = "<group>"; };
		4E3026AD189AF9C2009EE649 /* imagePlaceholder.png */ = {isa = PBXFileReference; lastKnownFileType = image.png; path = imagePlaceholder.png; sourceTree = "<group>"; };
		4E31F5F218958774003C1E54 /* NSCharacterSet+CustomSets.h */ = {isa = PBXFileReference; fileEncoding = 4; lastKnownFileType = sourcecode.c.h; path = "NSCharacterSet+CustomSets.h"; sourceTree = "<group>"; };
		4E31F5F318958774003C1E54 /* NSCharacterSet+CustomSets.m */ = {isa = PBXFileReference; fileEncoding = 4; lastKnownFileType = sourcecode.c.objc; path = "NSCharacterSet+CustomSets.m"; sourceTree = "<group>"; };
		4E31F5F51895A261003C1E54 /* bg_01.png */ = {isa = PBXFileReference; lastKnownFileType = image.png; path = bg_01.png; sourceTree = "<group>"; };
		4E31F5F71895A8A8003C1E54 /* bg_04.png */ = {isa = PBXFileReference; lastKnownFileType = image.png; path = bg_04.png; sourceTree = "<group>"; };
		4E31F5F81895A8A8003C1E54 /* bg_02.png */ = {isa = PBXFileReference; lastKnownFileType = image.png; path = bg_02.png; sourceTree = "<group>"; };
		4E31F5F91895A8A8003C1E54 /* bg_06.png */ = {isa = PBXFileReference; lastKnownFileType = image.png; path = bg_06.png; sourceTree = "<group>"; };
		4E31F5FA1895A8A8003C1E54 /* bg_05.png */ = {isa = PBXFileReference; lastKnownFileType = image.png; path = bg_05.png; sourceTree = "<group>"; };
		4E31F5FB1895A8A8003C1E54 /* bg_03.png */ = {isa = PBXFileReference; lastKnownFileType = image.png; path = bg_03.png; sourceTree = "<group>"; };
		4E31F6011895B494003C1E54 /* bg_07.png */ = {isa = PBXFileReference; lastKnownFileType = image.png; path = bg_07.png; sourceTree = "<group>"; };
		4E31F6021895B494003C1E54 /* bg_08.png */ = {isa = PBXFileReference; lastKnownFileType = image.png; path = bg_08.png; sourceTree = "<group>"; };
		4E31F6051895B576003C1E54 /* bg_09.png */ = {isa = PBXFileReference; lastKnownFileType = image.png; path = bg_09.png; sourceTree = "<group>"; };
		4E320D5E189C43FA00933EC8 /* SharedNetworkController.h */ = {isa = PBXFileReference; fileEncoding = 4; lastKnownFileType = sourcecode.c.h; path = SharedNetworkController.h; sourceTree = "<group>"; };
		4E320D5F189C43FA00933EC8 /* SharedNetworkController.m */ = {isa = PBXFileReference; fileEncoding = 4; lastKnownFileType = sourcecode.c.objc; path = SharedNetworkController.m; sourceTree = "<group>"; };
		4E32BE89189EBD1A00664338 /* SFCache.h */ = {isa = PBXFileReference; fileEncoding = 4; lastKnownFileType = sourcecode.c.h; path = SFCache.h; sourceTree = "<group>"; };
		4E32BE8A189EBD1A00664338 /* SFCache.m */ = {isa = PBXFileReference; fileEncoding = 4; lastKnownFileType = sourcecode.c.objc; path = SFCache.m; sourceTree = "<group>"; };
		4E32BE8C189EC30700664338 /* SFConstants.h */ = {isa = PBXFileReference; fileEncoding = 4; lastKnownFileType = sourcecode.c.h; path = SFConstants.h; sourceTree = "<group>"; };
		4E32BE8D189EC30700664338 /* SFConstants.m */ = {isa = PBXFileReference; fileEncoding = 4; lastKnownFileType = sourcecode.c.objc; path = SFConstants.m; sourceTree = "<group>"; };
		4E3870421894515300AC82E2 /* SpiceModel.xcdatamodel */ = {isa = PBXFileReference; lastKnownFileType = wrapper.xcdatamodel; path = SpiceModel.xcdatamodel; sourceTree = "<group>"; };
		4E38704418946E4E00AC82E2 /* CoreData.framework */ = {isa = PBXFileReference; lastKnownFileType = wrapper.framework; name = CoreData.framework; path = System/Library/Frameworks/CoreData.framework; sourceTree = SDKROOT; };
		4E387046189479D500AC82E2 /* Parse.framework */ = {isa = PBXFileReference; lastKnownFileType = wrapper.framework; path = Parse.framework; sourceTree = "<group>"; };
		4E38704818947A0C00AC82E2 /* AudioToolbox.framework */ = {isa = PBXFileReference; lastKnownFileType = wrapper.framework; name = AudioToolbox.framework; path = System/Library/Frameworks/AudioToolbox.framework; sourceTree = SDKROOT; };
		4E38704A18947A1100AC82E2 /* CFNetwork.framework */ = {isa = PBXFileReference; lastKnownFileType = wrapper.framework; name = CFNetwork.framework; path = System/Library/Frameworks/CFNetwork.framework; sourceTree = SDKROOT; };
		4E38704C18947A1B00AC82E2 /* CoreLocation.framework */ = {isa = PBXFileReference; lastKnownFileType = wrapper.framework; name = CoreLocation.framework; path = System/Library/Frameworks/CoreLocation.framework; sourceTree = SDKROOT; };
		4E38704E18947A2500AC82E2 /* libz.dylib */ = {isa = PBXFileReference; lastKnownFileType = "compiled.mach-o.dylib"; name = libz.dylib; path = usr/lib/libz.dylib; sourceTree = SDKROOT; };
		4E38705018947A2C00AC82E2 /* MobileCoreServices.framework */ = {isa = PBXFileReference; lastKnownFileType = wrapper.framework; name = MobileCoreServices.framework; path = System/Library/Frameworks/MobileCoreServices.framework; sourceTree = SDKROOT; };
		4E38705218947A3500AC82E2 /* QuartzCore.framework */ = {isa = PBXFileReference; lastKnownFileType = wrapper.framework; name = QuartzCore.framework; path = System/Library/Frameworks/QuartzCore.framework; sourceTree = SDKROOT; };
		4E38705418947A3A00AC82E2 /* Security.framework */ = {isa = PBXFileReference; lastKnownFileType = wrapper.framework; name = Security.framework; path = System/Library/Frameworks/Security.framework; sourceTree = SDKROOT; };
		4E38705618947A3F00AC82E2 /* StoreKit.framework */ = {isa = PBXFileReference; lastKnownFileType = wrapper.framework; name = StoreKit.framework; path = System/Library/Frameworks/StoreKit.framework; sourceTree = SDKROOT; };
		4E38705818947A4400AC82E2 /* SystemConfiguration.framework */ = {isa = PBXFileReference; lastKnownFileType = wrapper.framework; name = SystemConfiguration.framework; path = System/Library/Frameworks/SystemConfiguration.framework; sourceTree = SDKROOT; };
		4E38705C1894870E00AC82E2 /* spiceIcon.png */ = {isa = PBXFileReference; lastKnownFileType = image.png; path = spiceIcon.png; sourceTree = "<group>"; };
		4E3AE35518A01A350005997D /* SFUtility.h */ = {isa = PBXFileReference; fileEncoding = 4; lastKnownFileType = sourcecode.c.h; path = SFUtility.h; sourceTree = "<group>"; };
		4E3AE35618A01A350005997D /* SFUtility.m */ = {isa = PBXFileReference; fileEncoding = 4; lastKnownFileType = sourcecode.c.objc; path = SFUtility.m; sourceTree = "<group>"; };
		4E42AAAA189DBE1600331108 /* UIView+ViewAnimations.h */ = {isa = PBXFileReference; fileEncoding = 4; lastKnownFileType = sourcecode.c.h; path = "UIView+ViewAnimations.h"; sourceTree = "<group>"; };
		4E42AAAB189DBE1600331108 /* UIView+ViewAnimations.m */ = {isa = PBXFileReference; fileEncoding = 4; lastKnownFileType = sourcecode.c.objc; path = "UIView+ViewAnimations.m"; sourceTree = "<group>"; };
		4E9C850D1890D34400729455 /* EmailResendConfirmationViewController.h */ = {isa = PBXFileReference; fileEncoding = 4; lastKnownFileType = sourcecode.c.h; path = EmailResendConfirmationViewController.h; sourceTree = "<group>"; };
		4E9C850E1890D34400729455 /* EmailResendConfirmationViewController.m */ = {isa = PBXFileReference; fileEncoding = 4; lastKnownFileType = sourcecode.c.objc; path = EmailResendConfirmationViewController.m; sourceTree = "<group>"; };
		4E9C85111890DF7700729455 /* profileAvatar.png */ = {isa = PBXFileReference; lastKnownFileType = image.png; path = profileAvatar.png; sourceTree = "<group>"; };
		4EAA708A188CC8ED004CA02A /* 20140119_SpiceFeed.app */ = {isa = PBXFileReference; explicitFileType = wrapper.application; includeInIndex = 0; path = 20140119_SpiceFeed.app; sourceTree = BUILT_PRODUCTS_DIR; };
		4EAA708D188CC8ED004CA02A /* Foundation.framework */ = {isa = PBXFileReference; lastKnownFileType = wrapper.framework; name = Foundation.framework; path = System/Library/Frameworks/Foundation.framework; sourceTree = SDKROOT; };
		4EAA708F188CC8ED004CA02A /* CoreGraphics.framework */ = {isa = PBXFileReference; lastKnownFileType = wrapper.framework; name = CoreGraphics.framework; path = System/Library/Frameworks/CoreGraphics.framework; sourceTree = SDKROOT; };
		4EAA7091188CC8ED004CA02A /* UIKit.framework */ = {isa = PBXFileReference; lastKnownFileType = wrapper.framework; name = UIKit.framework; path = System/Library/Frameworks/UIKit.framework; sourceTree = SDKROOT; };
		4EAA7095188CC8ED004CA02A /* 20140119_SpiceFeed-Info.plist */ = {isa = PBXFileReference; lastKnownFileType = text.plist.xml; path = "20140119_SpiceFeed-Info.plist"; sourceTree = "<group>"; };
		4EAA7097188CC8ED004CA02A /* en */ = {isa = PBXFileReference; lastKnownFileType = text.plist.strings; name = en; path = en.lproj/InfoPlist.strings; sourceTree = "<group>"; };
		4EAA7099188CC8ED004CA02A /* main.m */ = {isa = PBXFileReference; lastKnownFileType = sourcecode.c.objc; path = main.m; sourceTree = "<group>"; };
		4EAA709B188CC8ED004CA02A /* 20140119_SpiceFeed-Prefix.pch */ = {isa = PBXFileReference; lastKnownFileType = sourcecode.c.h; path = "20140119_SpiceFeed-Prefix.pch"; sourceTree = "<group>"; };
		4EAA709C188CC8ED004CA02A /* AppDelegate.h */ = {isa = PBXFileReference; lastKnownFileType = sourcecode.c.h; path = AppDelegate.h; sourceTree = "<group>"; };
		4EAA709D188CC8ED004CA02A /* AppDelegate.m */ = {isa = PBXFileReference; lastKnownFileType = sourcecode.c.objc; path = AppDelegate.m; sourceTree = "<group>"; };
		4EAA70A0188CC8ED004CA02A /* Base */ = {isa = PBXFileReference; lastKnownFileType = file.storyboard; name = Base; path = Base.lproj/Main.storyboard; sourceTree = "<group>"; };
		4EAA70A2188CC8ED004CA02A /* ViewController.h */ = {isa = PBXFileReference; lastKnownFileType = sourcecode.c.h; path = ViewController.h; sourceTree = "<group>"; };
		4EAA70A3188CC8ED004CA02A /* ViewController.m */ = {isa = PBXFileReference; lastKnownFileType = sourcecode.c.objc; path = ViewController.m; sourceTree = "<group>"; };
		4EAA70A5188CC8ED004CA02A /* Images.xcassets */ = {isa = PBXFileReference; lastKnownFileType = folder.assetcatalog; path = Images.xcassets; sourceTree = "<group>"; };
		4EAA70AB188CC8ED004CA02A /* 20140119_SpiceFeedTests.xctest */ = {isa = PBXFileReference; explicitFileType = wrapper.cfbundle; includeInIndex = 0; path = 20140119_SpiceFeedTests.xctest; sourceTree = BUILT_PRODUCTS_DIR; };
		4EAA70AC188CC8ED004CA02A /* XCTest.framework */ = {isa = PBXFileReference; lastKnownFileType = wrapper.framework; name = XCTest.framework; path = Library/Frameworks/XCTest.framework; sourceTree = DEVELOPER_DIR; };
		4EAA70B4188CC8ED004CA02A /* 20140119_SpiceFeedTests-Info.plist */ = {isa = PBXFileReference; lastKnownFileType = text.plist.xml; path = "20140119_SpiceFeedTests-Info.plist"; sourceTree = "<group>"; };
		4EAA70B6188CC8ED004CA02A /* en */ = {isa = PBXFileReference; lastKnownFileType = text.plist.strings; name = en; path = en.lproj/InfoPlist.strings; sourceTree = "<group>"; };
		4EAA70B8188CC8ED004CA02A /* _0140119_SpiceFeedTests.m */ = {isa = PBXFileReference; lastKnownFileType = sourcecode.c.objc; path = _0140119_SpiceFeedTests.m; sourceTree = "<group>"; };
		4EAA7135188CE0CA004CA02A /* SearchPageViewController.h */ = {isa = PBXFileReference; fileEncoding = 4; lastKnownFileType = sourcecode.c.h; path = SearchPageViewController.h; sourceTree = "<group>"; };
		4EAA7136188CE0CA004CA02A /* SearchPageViewController.m */ = {isa = PBXFileReference; fileEncoding = 4; lastKnownFileType = sourcecode.c.objc; path = SearchPageViewController.m; sourceTree = "<group>"; };
		4EAA7139188CE105004CA02A /* ProfilePageViewController.h */ = {isa = PBXFileReference; fileEncoding = 4; lastKnownFileType = sourcecode.c.h; path = ProfilePageViewController.h; sourceTree = "<group>"; };
		4EAA713A188CE105004CA02A /* ProfilePageViewController.m */ = {isa = PBXFileReference; fileEncoding = 4; lastKnownFileType = sourcecode.c.objc; path = ProfilePageViewController.m; sourceTree = "<group>"; };
		4EAA7140188CE15D004CA02A /* SearchResultViewController.h */ = {isa = PBXFileReference; fileEncoding = 4; lastKnownFileType = sourcecode.c.h; path = SearchResultViewController.h; sourceTree = "<group>"; };
		4EAA7141188CE15D004CA02A /* SearchResultViewController.m */ = {isa = PBXFileReference; fileEncoding = 4; lastKnownFileType = sourcecode.c.objc; path = SearchResultViewController.m; sourceTree = "<group>"; };
		4EAA7144188CE189004CA02A /* TagResultViewController.h */ = {isa = PBXFileReference; fileEncoding = 4; lastKnownFileType = sourcecode.c.h; path = TagResultViewController.h; sourceTree = "<group>"; };
		4EAA7145188CE189004CA02A /* TagResultViewController.m */ = {isa = PBXFileReference; fileEncoding = 4; lastKnownFileType = sourcecode.c.objc; path = TagResultViewController.m; sourceTree = "<group>"; };
		4EAA7148188CE3BC004CA02A /* LoginPageController.h */ = {isa = PBXFileReference; fileEncoding = 4; lastKnownFileType = sourcecode.c.h; path = LoginPageController.h; sourceTree = "<group>"; };
		4EAA7149188CE3BC004CA02A /* LoginPageController.m */ = {isa = PBXFileReference; fileEncoding = 4; lastKnownFileType = sourcecode.c.objc; path = LoginPageController.m; sourceTree = "<group>"; };
		4EAA714C188CE481004CA02A /* FlavePageViewController.h */ = {isa = PBXFileReference; fileEncoding = 4; lastKnownFileType = sourcecode.c.h; path = FlavePageViewController.h; sourceTree = "<group>"; };
		4EAA714D188CE481004CA02A /* FlavePageViewController.m */ = {isa = PBXFileReference; fileEncoding = 4; lastKnownFileType = sourcecode.c.objc; path = FlavePageViewController.m; sourceTree = "<group>"; };
		4EAE296C1894D0DF00DB7FBE /* SignupPageViewController.h */ = {isa = PBXFileReference; fileEncoding = 4; lastKnownFileType = sourcecode.c.h; path = SignupPageViewController.h; sourceTree = "<group>"; };
		4EAE296D1894D0DF00DB7FBE /* SignupPageViewController.m */ = {isa = PBXFileReference; fileEncoding = 4; lastKnownFileType = sourcecode.c.objc; path = SignupPageViewController.m; sourceTree = "<group>"; };
		4EE5719A1899BEAE00ED4E1A /* AddFlavePageViewController.h */ = {isa = PBXFileReference; fileEncoding = 4; lastKnownFileType = sourcecode.c.h; path = AddFlavePageViewController.h; sourceTree = "<group>"; };
		4EE5719B1899BEAE00ED4E1A /* AddFlavePageViewController.m */ = {isa = PBXFileReference; fileEncoding = 4; lastKnownFileType = sourcecode.c.objc; path = AddFlavePageViewController.m; sourceTree = "<group>"; };
		4EF43BAF18A15648005675B5 /* ParseUtilities.h */ = {isa = PBXFileReference; fileEncoding = 4; lastKnownFileType = sourcecode.c.h; name = ParseUtilities.h; path = ../../ParseUtilities.h; sourceTree = "<group>"; };
		4EF43BB018A15648005675B5 /* ParseUtilities.m */ = {isa = PBXFileReference; fileEncoding = 4; lastKnownFileType = sourcecode.c.objc; name = ParseUtilities.m; path = ../../ParseUtilities.m; sourceTree = "<group>"; };
		4EF4A3B618A95B9A001A0BE8 /* spiceFeedIcon.png */ = {isa = PBXFileReference; lastKnownFileType = image.png; name = spiceFeedIcon.png; path = ../spiceFeedIcon.png; sourceTree = "<group>"; };
/* End PBXFileReference section */

/* Begin PBXFrameworksBuildPhase section */
		4EAA7087188CC8ED004CA02A /* Frameworks */ = {
			isa = PBXFrameworksBuildPhase;
			buildActionMask = 2147483647;
			files = (
				4E38705918947A4400AC82E2 /* SystemConfiguration.framework in Frameworks */,
				4E38705718947A3F00AC82E2 /* StoreKit.framework in Frameworks */,
				4E38705518947A3A00AC82E2 /* Security.framework in Frameworks */,
				4E38705318947A3500AC82E2 /* QuartzCore.framework in Frameworks */,
				4E38705118947A2C00AC82E2 /* MobileCoreServices.framework in Frameworks */,
				4E38704F18947A2500AC82E2 /* libz.dylib in Frameworks */,
				4E38704D18947A1B00AC82E2 /* CoreLocation.framework in Frameworks */,
				4E38704B18947A1100AC82E2 /* CFNetwork.framework in Frameworks */,
				4E38704918947A0C00AC82E2 /* AudioToolbox.framework in Frameworks */,
				4E38704518946E4E00AC82E2 /* CoreData.framework in Frameworks */,
				4EAA7090188CC8ED004CA02A /* CoreGraphics.framework in Frameworks */,
				4EAA7092188CC8ED004CA02A /* UIKit.framework in Frameworks */,
				4EAA708E188CC8ED004CA02A /* Foundation.framework in Frameworks */,
				4E387047189479D500AC82E2 /* Parse.framework in Frameworks */,
			);
			runOnlyForDeploymentPostprocessing = 0;
		};
		4EAA70A8188CC8ED004CA02A /* Frameworks */ = {
			isa = PBXFrameworksBuildPhase;
			buildActionMask = 2147483647;
			files = (
				4EAA70AD188CC8ED004CA02A /* XCTest.framework in Frameworks */,
				4EAA70AF188CC8ED004CA02A /* UIKit.framework in Frameworks */,
				4EAA70AE188CC8ED004CA02A /* Foundation.framework in Frameworks */,
			);
			runOnlyForDeploymentPostprocessing = 0;
		};
/* End PBXFrameworksBuildPhase section */

/* Begin PBXGroup section */
		4E3026A9189AF54F009EE649 /* Helper Files */ = {
			isa = PBXGroup;
			children = (
				4E3026AA189AF560009EE649 /* HelperMethods.h */,
				4E3026AB189AF560009EE649 /* HelperMethods.m */,
				4E176F7918A048CD00C0CDBB /* UIImage+Resize.h */,
				4E176F7A18A048CD00C0CDBB /* UIImage+Resize.m */,
			);
			name = "Helper Files";
			sourceTree = "<group>";
		};
		4E31F5F118958744003C1E54 /* Categories */ = {
			isa = PBXGroup;
			children = (
				4E31F5F218958774003C1E54 /* NSCharacterSet+CustomSets.h */,
				4E31F5F318958774003C1E54 /* NSCharacterSet+CustomSets.m */,
			);
			name = Categories;
			sourceTree = "<group>";
		};
		4E320D5D189C43DB00933EC8 /* Network */ = {
			isa = PBXGroup;
			children = (
				4E320D5E189C43FA00933EC8 /* SharedNetworkController.h */,
				4E320D5F189C43FA00933EC8 /* SharedNetworkController.m */,
			);
			name = Network;
			sourceTree = "<group>";
		};
		4E32BE88189EBD0500664338 /* Utilities */ = {
			isa = PBXGroup;
			children = (
				4E32BE89189EBD1A00664338 /* SFCache.h */,
				4E32BE8A189EBD1A00664338 /* SFCache.m */,
				4E32BE8C189EC30700664338 /* SFConstants.h */,
				4E32BE8D189EC30700664338 /* SFConstants.m */,
				4E3AE35518A01A350005997D /* SFUtility.h */,
				4E3AE35618A01A350005997D /* SFUtility.m */,
				4EF43BAF18A15648005675B5 /* ParseUtilities.h */,
				4EF43BB018A15648005675B5 /* ParseUtilities.m */,
			);
			name = Utilities;
			sourceTree = "<group>";
		};
		4E42AAAD189DBE1E00331108 /* Categories */ = {
			isa = PBXGroup;
			children = (
				4E42AAAB189DBE1600331108 /* UIView+ViewAnimations.m */,
				4E42AAAA189DBE1600331108 /* UIView+ViewAnimations.h */,
			);
			name = Categories;
			sourceTree = "<group>";
		};
		4E9C850C1890D2FB00729455 /* Email Resend Confirmation Page */ = {
			isa = PBXGroup;
			children = (
				4E9C850D1890D34400729455 /* EmailResendConfirmationViewController.h */,
				4E9C850E1890D34400729455 /* EmailResendConfirmationViewController.m */,
			);
			name = "Email Resend Confirmation Page";
			sourceTree = "<group>";
		};
		4E9C85101890D52900729455 /* Images */ = {
			isa = PBXGroup;
			children = (
				4EF4A3B618A95B9A001A0BE8 /* spiceFeedIcon.png */,
				4E2A000518A49FC500BB972E /* profilePlaceholder.jpg */,
				4E31F5F51895A261003C1E54 /* bg_01.png */,
				4E31F5F71895A8A8003C1E54 /* bg_04.png */,
				4E31F5F81895A8A8003C1E54 /* bg_02.png */,
				4E31F5F91895A8A8003C1E54 /* bg_06.png */,
				4E31F5FA1895A8A8003C1E54 /* bg_05.png */,
				4E31F5FB1895A8A8003C1E54 /* bg_03.png */,
				4E31F6011895B494003C1E54 /* bg_07.png */,
				4E31F6021895B494003C1E54 /* bg_08.png */,
				4E31F6051895B576003C1E54 /* bg_09.png */,
				4E38705C1894870E00AC82E2 /* spiceIcon.png */,
				4E9C85111890DF7700729455 /* profileAvatar.png */,
				4E3026AD189AF9C2009EE649 /* imagePlaceholder.png */,
				4E2A000918A4A16D00BB972E /* imagePlaceholderInverted.png */,
				4E2A000B18A4A53C00BB972E /* user-60.png */,
				4E2A000D18A4A58D00BB972E /* plus_64.png */,
				4E2A000F18A4A5CC00BB972E /* user-44.png */,
				4E2A001118A4A60800BB972E /* user-22.png */,
				4E2A001318A4A73A00BB972E /* plus_22.png */,
			);
			name = Images;
			sourceTree = "<group>";
		};
		4EAA7081188CC8ED004CA02A = {
			isa = PBXGroup;
			children = (
				4EAA7093188CC8ED004CA02A /* 20140119_SpiceFeed */,
				4EAA70B2188CC8ED004CA02A /* 20140119_SpiceFeedTests */,
				4EAA708C188CC8ED004CA02A /* Frameworks */,
				4EAA708B188CC8ED004CA02A /* Products */,
			);
			sourceTree = "<group>";
		};
		4EAA708B188CC8ED004CA02A /* Products */ = {
			isa = PBXGroup;
			children = (
				4EAA708A188CC8ED004CA02A /* 20140119_SpiceFeed.app */,
				4EAA70AB188CC8ED004CA02A /* 20140119_SpiceFeedTests.xctest */,
			);
			name = Products;
			sourceTree = "<group>";
		};
		4EAA708C188CC8ED004CA02A /* Frameworks */ = {
			isa = PBXGroup;
			children = (
				4E38705818947A4400AC82E2 /* SystemConfiguration.framework */,
				4E38705618947A3F00AC82E2 /* StoreKit.framework */,
				4E38705418947A3A00AC82E2 /* Security.framework */,
				4E38705218947A3500AC82E2 /* QuartzCore.framework */,
				4E38705018947A2C00AC82E2 /* MobileCoreServices.framework */,
				4E38704E18947A2500AC82E2 /* libz.dylib */,
				4E38704C18947A1B00AC82E2 /* CoreLocation.framework */,
				4E38704A18947A1100AC82E2 /* CFNetwork.framework */,
				4E38704818947A0C00AC82E2 /* AudioToolbox.framework */,
				4E387046189479D500AC82E2 /* Parse.framework */,
				4E38704418946E4E00AC82E2 /* CoreData.framework */,
				4EAA708D188CC8ED004CA02A /* Foundation.framework */,
				4EAA708F188CC8ED004CA02A /* CoreGraphics.framework */,
				4EAA7091188CC8ED004CA02A /* UIKit.framework */,
				4EAA70AC188CC8ED004CA02A /* XCTest.framework */,
			);
			name = Frameworks;
			sourceTree = "<group>";
		};
		4EAA7093188CC8ED004CA02A /* 20140119_SpiceFeed */ = {
			isa = PBXGroup;
			children = (
				4E32BE88189EBD0500664338 /* Utilities */,
				4E42AAAD189DBE1E00331108 /* Categories */,
				4E31F5F118958744003C1E54 /* Categories */,
				4E9C85101890D52900729455 /* Images */,
				4EAA70C4188CCC8E004CA02A /* Controllers */,
				4EAA70C3188CCC87004CA02A /* Views */,
				4EAA70C2188CCC82004CA02A /* Models */,
				4EAA709C188CC8ED004CA02A /* AppDelegate.h */,
				4EAA709D188CC8ED004CA02A /* AppDelegate.m */,
				4EAA709F188CC8ED004CA02A /* Main.storyboard */,
				4EAA70A2188CC8ED004CA02A /* ViewController.h */,
				4EAA70A3188CC8ED004CA02A /* ViewController.m */,
				4E3026A9189AF54F009EE649 /* Helper Files */,
				4EAA70A5188CC8ED004CA02A /* Images.xcassets */,
				4EAA7094188CC8ED004CA02A /* Supporting Files */,
			);
			path = 20140119_SpiceFeed;
			sourceTree = "<group>";
		};
		4EAA7094188CC8ED004CA02A /* Supporting Files */ = {
			isa = PBXGroup;
			children = (
				4EAA7095188CC8ED004CA02A /* 20140119_SpiceFeed-Info.plist */,
				4EAA7096188CC8ED004CA02A /* InfoPlist.strings */,
				4EAA7099188CC8ED004CA02A /* main.m */,
				4EAA709B188CC8ED004CA02A /* 20140119_SpiceFeed-Prefix.pch */,
			);
			name = "Supporting Files";
			sourceTree = "<group>";
		};
		4EAA70B2188CC8ED004CA02A /* 20140119_SpiceFeedTests */ = {
			isa = PBXGroup;
			children = (
				4EAA70B8188CC8ED004CA02A /* _0140119_SpiceFeedTests.m */,
				4EAA70B3188CC8ED004CA02A /* Supporting Files */,
			);
			path = 20140119_SpiceFeedTests;
			sourceTree = "<group>";
		};
		4EAA70B3188CC8ED004CA02A /* Supporting Files */ = {
			isa = PBXGroup;
			children = (
				4EAA70B4188CC8ED004CA02A /* 20140119_SpiceFeedTests-Info.plist */,
				4EAA70B5188CC8ED004CA02A /* InfoPlist.strings */,
			);
			name = "Supporting Files";
			sourceTree = "<group>";
		};
		4EAA70C2188CCC82004CA02A /* Models */ = {
			isa = PBXGroup;
			children = (
				4E3870411894515300AC82E2 /* SpiceModel.xcdatamodeld */,
			);
			name = Models;
			sourceTree = "<group>";
		};
		4EAA70C3188CCC87004CA02A /* Views */ = {
			isa = PBXGroup;
			children = (
				4E1125DF18A84A970071B39A /* ProfilePageCollectionViewCell.h */,
				4E1125E018A84A970071B39A /* ProfilePageCollectionViewCell.m */,
			);
			name = Views;
			sourceTree = "<group>";
		};
		4EAA70C4188CCC8E004CA02A /* Controllers */ = {
			isa = PBXGroup;
			children = (
				4E320D5D189C43DB00933EC8 /* Network */,
				4EAE296B1894D0C700DB7FBE /* Signup Page */,
				4E9C850C1890D2FB00729455 /* Email Resend Confirmation Page */,
				4EAA714B188CE40D004CA02A /* Flave Page */,
				4EAA7147188CE3A5004CA02A /* Login Page */,
				4EAA7143188CE179004CA02A /* Tag Result */,
				4EAA713C188CE11B004CA02A /* Add Image page */,
				4EAA7138188CE0D6004CA02A /* Profile Page */,
				4EAA7134188CE09B004CA02A /* Search Page */,
				4EAA70E3188CD213004CA02A /* Landing Page */,
			);
			name = Controllers;
			sourceTree = "<group>";
		};
		4EAA70E3188CD213004CA02A /* Landing Page */ = {
			isa = PBXGroup;
			children = (
				4E1125E218A882980071B39A /* LandingPageViewController.h */,
				4E1125E318A882980071B39A /* LandingPageViewController.m */,
				4E1125E518A882B10071B39A /* TrendingPageViewController.h */,
				4E1125E618A882B10071B39A /* TrendingPageViewController.m */,
				4E1125E818A882C00071B39A /* CategoriesPageViewController.h */,
				4E1125E918A882C00071B39A /* CategoriesPageViewController.m */,
				4E1125EB18A882CE0071B39A /* NetworkPageViewController.h */,
				4E1125EC18A882CE0071B39A /* NetworkPageViewController.m */,
			);
			name = "Landing Page";
			sourceTree = "<group>";
		};
		4EAA7134188CE09B004CA02A /* Search Page */ = {
			isa = PBXGroup;
			children = (
				4EAA7135188CE0CA004CA02A /* SearchPageViewController.h */,
				4EAA7136188CE0CA004CA02A /* SearchPageViewController.m */,
				4EAA7140188CE15D004CA02A /* SearchResultViewController.h */,
				4EAA7141188CE15D004CA02A /* SearchResultViewController.m */,
			);
			name = "Search Page";
			sourceTree = "<group>";
		};
		4EAA7138188CE0D6004CA02A /* Profile Page */ = {
			isa = PBXGroup;
			children = (
				4EAA7139188CE105004CA02A /* ProfilePageViewController.h */,
				4EAA713A188CE105004CA02A /* ProfilePageViewController.m */,
			);
			name = "Profile Page";
			sourceTree = "<group>";
		};
		4EAA713C188CE11B004CA02A /* Add Image page */ = {
			isa = PBXGroup;
			children = (
				4EE5719A1899BEAE00ED4E1A /* AddFlavePageViewController.h */,
				4EE5719B1899BEAE00ED4E1A /* AddFlavePageViewController.m */,
			);
			name = "Add Image page";
			sourceTree = "<group>";
		};
		4EAA7143188CE179004CA02A /* Tag Result */ = {
			isa = PBXGroup;
			children = (
				4EAA7144188CE189004CA02A /* TagResultViewController.h */,
				4EAA7145188CE189004CA02A /* TagResultViewController.m */,
			);
			name = "Tag Result";
			sourceTree = "<group>";
		};
		4EAA7147188CE3A5004CA02A /* Login Page */ = {
			isa = PBXGroup;
			children = (
				4EAA7148188CE3BC004CA02A /* LoginPageController.h */,
				4EAA7149188CE3BC004CA02A /* LoginPageController.m */,
			);
			name = "Login Page";
			sourceTree = "<group>";
		};
		4EAA714B188CE40D004CA02A /* Flave Page */ = {
			isa = PBXGroup;
			children = (
				4EAA714C188CE481004CA02A /* FlavePageViewController.h */,
				4EAA714D188CE481004CA02A /* FlavePageViewController.m */,
			);
			name = "Flave Page";
			sourceTree = "<group>";
		};
		4EAE296B1894D0C700DB7FBE /* Signup Page */ = {
			isa = PBXGroup;
			children = (
				4EAE296C1894D0DF00DB7FBE /* SignupPageViewController.h */,
				4EAE296D1894D0DF00DB7FBE /* SignupPageViewController.m */,
			);
			name = "Signup Page";
			sourceTree = "<group>";
		};
/* End PBXGroup section */

/* Begin PBXNativeTarget section */
		4EAA7089188CC8ED004CA02A /* 20140119_SpiceFeed */ = {
			isa = PBXNativeTarget;
			buildConfigurationList = 4EAA70BC188CC8ED004CA02A /* Build configuration list for PBXNativeTarget "20140119_SpiceFeed" */;
			buildPhases = (
				4EAA7086188CC8ED004CA02A /* Sources */,
				4EAA7087188CC8ED004CA02A /* Frameworks */,
				4EAA7088188CC8ED004CA02A /* Resources */,
			);
			buildRules = (
			);
			dependencies = (
			);
			name = 20140119_SpiceFeed;
			productName = 20140119_SpiceFeed;
			productReference = 4EAA708A188CC8ED004CA02A /* 20140119_SpiceFeed.app */;
			productType = "com.apple.product-type.application";
		};
		4EAA70AA188CC8ED004CA02A /* 20140119_SpiceFeedTests */ = {
			isa = PBXNativeTarget;
			buildConfigurationList = 4EAA70BF188CC8ED004CA02A /* Build configuration list for PBXNativeTarget "20140119_SpiceFeedTests" */;
			buildPhases = (
				4EAA70A7188CC8ED004CA02A /* Sources */,
				4EAA70A8188CC8ED004CA02A /* Frameworks */,
				4EAA70A9188CC8ED004CA02A /* Resources */,
			);
			buildRules = (
			);
			dependencies = (
				4EAA70B1188CC8ED004CA02A /* PBXTargetDependency */,
			);
			name = 20140119_SpiceFeedTests;
			productName = 20140119_SpiceFeedTests;
			productReference = 4EAA70AB188CC8ED004CA02A /* 20140119_SpiceFeedTests.xctest */;
			productType = "com.apple.product-type.bundle.unit-test";
		};
/* End PBXNativeTarget section */

/* Begin PBXProject section */
		4EAA7082188CC8ED004CA02A /* Project object */ = {
			isa = PBXProject;
			attributes = {
				LastUpgradeCheck = 0500;
				ORGANIZATIONNAME = "Ivan Lesko";
				TargetAttributes = {
					4EAA70AA188CC8ED004CA02A = {
						TestTargetID = 4EAA7089188CC8ED004CA02A;
					};
				};
			};
			buildConfigurationList = 4EAA7085188CC8ED004CA02A /* Build configuration list for PBXProject "20140119_SpiceFeed" */;
			compatibilityVersion = "Xcode 3.2";
			developmentRegion = English;
			hasScannedForEncodings = 0;
			knownRegions = (
				en,
				Base,
			);
			mainGroup = 4EAA7081188CC8ED004CA02A;
			productRefGroup = 4EAA708B188CC8ED004CA02A /* Products */;
			projectDirPath = "";
			projectRoot = "";
			targets = (
				4EAA7089188CC8ED004CA02A /* 20140119_SpiceFeed */,
				4EAA70AA188CC8ED004CA02A /* 20140119_SpiceFeedTests */,
			);
		};
/* End PBXProject section */

/* Begin PBXResourcesBuildPhase section */
		4EAA7088188CC8ED004CA02A /* Resources */ = {
			isa = PBXResourcesBuildPhase;
			buildActionMask = 2147483647;
			files = (
				4E31F5FE1895A8A8003C1E54 /* bg_06.png in Resources */,
				4E31F6001895A8A8003C1E54 /* bg_03.png in Resources */,
				4E9C85121890DF7700729455 /* profileAvatar.png in Resources */,
				4E31F6031895B494003C1E54 /* bg_07.png in Resources */,
				4EF4A3B718A95B9A001A0BE8 /* spiceFeedIcon.png in Resources */,
				4EAA70A6188CC8ED004CA02A /* Images.xcassets in Resources */,
				4E31F5FF1895A8A8003C1E54 /* bg_05.png in Resources */,
				4EAA7098188CC8ED004CA02A /* InfoPlist.strings in Resources */,
				4E31F5FC1895A8A8003C1E54 /* bg_04.png in Resources */,
				4E2A000E18A4A58D00BB972E /* plus_64.png in Resources */,
				4E31F5F61895A261003C1E54 /* bg_01.png in Resources */,
				4E2A000618A49FC500BB972E /* profilePlaceholder.jpg in Resources */,
				4E2A000C18A4A53C00BB972E /* user-60.png in Resources */,
				4E2A000A18A4A16D00BB972E /* imagePlaceholderInverted.png in Resources */,
				4E31F6061895B576003C1E54 /* bg_09.png in Resources */,
				4EAA70A1188CC8ED004CA02A /* Main.storyboard in Resources */,
				4E31F5FD1895A8A8003C1E54 /* bg_02.png in Resources */,
				4E2A001218A4A60800BB972E /* user-22.png in Resources */,
				4E3026AE189AF9C2009EE649 /* imagePlaceholder.png in Resources */,
				4E38705D1894870E00AC82E2 /* spiceIcon.png in Resources */,
				4E2A001018A4A5CC00BB972E /* user-44.png in Resources */,
				4E31F6041895B494003C1E54 /* bg_08.png in Resources */,
				4E2A001418A4A73A00BB972E /* plus_22.png in Resources */,
			);
			runOnlyForDeploymentPostprocessing = 0;
		};
		4EAA70A9188CC8ED004CA02A /* Resources */ = {
			isa = PBXResourcesBuildPhase;
			buildActionMask = 2147483647;
			files = (
				4EAA70B7188CC8ED004CA02A /* InfoPlist.strings in Resources */,
			);
			runOnlyForDeploymentPostprocessing = 0;
		};
/* End PBXResourcesBuildPhase section */

/* Begin PBXSourcesBuildPhase section */
		4EAA7086188CC8ED004CA02A /* Sources */ = {
			isa = PBXSourcesBuildPhase;
			buildActionMask = 2147483647;
			files = (
				4E3026AC189AF560009EE649 /* HelperMethods.m in Sources */,
				4E1125E718A882B10071B39A /* TrendingPageViewController.m in Sources */,
				4EAA713B188CE105004CA02A /* ProfilePageViewController.m in Sources */,
				4E42AAAC189DBE1600331108 /* UIView+ViewAnimations.m in Sources */,
				4E176F7B18A048CD00C0CDBB /* UIImage+Resize.m in Sources */,
				4E1125EA18A882C00071B39A /* CategoriesPageViewController.m in Sources */,
				4EAE296E1894D0DF00DB7FBE /* SignupPageViewController.m in Sources */,
				4EAA7146188CE189004CA02A /* TagResultViewController.m in Sources */,
				4E31F5F418958774003C1E54 /* NSCharacterSet+CustomSets.m in Sources */,
				4E1125E418A882980071B39A /* LandingPageViewController.m in Sources */,
				4E1125E118A84A970071B39A /* ProfilePageCollectionViewCell.m in Sources */,
				4EAA7142188CE15D004CA02A /* SearchResultViewController.m in Sources */,
				4EAA7137188CE0CA004CA02A /* SearchPageViewController.m in Sources */,
				4EF43BB118A15648005675B5 /* ParseUtilities.m in Sources */,
				4EAA70A4188CC8ED004CA02A /* ViewController.m in Sources */,
				4EE5719C1899BEAE00ED4E1A /* AddFlavePageViewController.m in Sources */,
				4EAA709E188CC8ED004CA02A /* AppDelegate.m in Sources */,
				4E9C850F1890D34400729455 /* EmailResendConfirmationViewController.m in Sources */,
				4EAA714E188CE481004CA02A /* FlavePageViewController.m in Sources */,
				4E32BE8E189EC30700664338 /* SFConstants.m in Sources */,
				4E320D60189C43FA00933EC8 /* SharedNetworkController.m in Sources */,
				4EAA714A188CE3BC004CA02A /* LoginPageController.m in Sources */,
				4EAA709A188CC8ED004CA02A /* main.m in Sources */,
				4E1125ED18A882CE0071B39A /* NetworkPageViewController.m in Sources */,
				4E32BE8B189EBD1A00664338 /* SFCache.m in Sources */,
				4E3AE35718A01A350005997D /* SFUtility.m in Sources */,
				4E3870431894515300AC82E2 /* SpiceModel.xcdatamodeld in Sources */,
			);
			runOnlyForDeploymentPostprocessing = 0;
		};
		4EAA70A7188CC8ED004CA02A /* Sources */ = {
			isa = PBXSourcesBuildPhase;
			buildActionMask = 2147483647;
			files = (
				4EAA70B9188CC8ED004CA02A /* _0140119_SpiceFeedTests.m in Sources */,
			);
			runOnlyForDeploymentPostprocessing = 0;
		};
/* End PBXSourcesBuildPhase section */

/* Begin PBXTargetDependency section */
		4EAA70B1188CC8ED004CA02A /* PBXTargetDependency */ = {
			isa = PBXTargetDependency;
			target = 4EAA7089188CC8ED004CA02A /* 20140119_SpiceFeed */;
			targetProxy = 4EAA70B0188CC8ED004CA02A /* PBXContainerItemProxy */;
		};
/* End PBXTargetDependency section */

/* Begin PBXVariantGroup section */
		4EAA7096188CC8ED004CA02A /* InfoPlist.strings */ = {
			isa = PBXVariantGroup;
			children = (
				4EAA7097188CC8ED004CA02A /* en */,
			);
			name = InfoPlist.strings;
			sourceTree = "<group>";
		};
		4EAA709F188CC8ED004CA02A /* Main.storyboard */ = {
			isa = PBXVariantGroup;
			children = (
				4EAA70A0188CC8ED004CA02A /* Base */,
			);
			name = Main.storyboard;
			sourceTree = "<group>";
		};
		4EAA70B5188CC8ED004CA02A /* InfoPlist.strings */ = {
			isa = PBXVariantGroup;
			children = (
				4EAA70B6188CC8ED004CA02A /* en */,
			);
			name = InfoPlist.strings;
			sourceTree = "<group>";
		};
/* End PBXVariantGroup section */

/* Begin XCBuildConfiguration section */
		4EAA70BA188CC8ED004CA02A /* Debug */ = {
			isa = XCBuildConfiguration;
			buildSettings = {
				ALWAYS_SEARCH_USER_PATHS = NO;
				ARCHS = "$(ARCHS_STANDARD_INCLUDING_64_BIT)";
				CLANG_CXX_LANGUAGE_STANDARD = "gnu++0x";
				CLANG_CXX_LIBRARY = "libc++";
				CLANG_ENABLE_MODULES = YES;
				CLANG_ENABLE_OBJC_ARC = YES;
				CLANG_WARN_BOOL_CONVERSION = YES;
				CLANG_WARN_CONSTANT_CONVERSION = YES;
				CLANG_WARN_DIRECT_OBJC_ISA_USAGE = YES_ERROR;
				CLANG_WARN_EMPTY_BODY = YES;
				CLANG_WARN_ENUM_CONVERSION = YES;
				CLANG_WARN_INT_CONVERSION = YES;
				CLANG_WARN_OBJC_ROOT_CLASS = YES_ERROR;
				CLANG_WARN__DUPLICATE_METHOD_MATCH = YES;
				"CODE_SIGN_IDENTITY[sdk=iphoneos*]" = "iPhone Developer";
				COPY_PHASE_STRIP = NO;
				GCC_C_LANGUAGE_STANDARD = gnu99;
				GCC_DYNAMIC_NO_PIC = NO;
				GCC_OPTIMIZATION_LEVEL = 0;
				GCC_PREPROCESSOR_DEFINITIONS = (
					"DEBUG=1",
					"$(inherited)",
				);
				GCC_SYMBOLS_PRIVATE_EXTERN = NO;
				GCC_WARN_64_TO_32_BIT_CONVERSION = YES;
				GCC_WARN_ABOUT_RETURN_TYPE = YES_ERROR;
				GCC_WARN_UNDECLARED_SELECTOR = YES;
				GCC_WARN_UNINITIALIZED_AUTOS = YES;
				GCC_WARN_UNUSED_FUNCTION = YES;
				GCC_WARN_UNUSED_VARIABLE = YES;
				IPHONEOS_DEPLOYMENT_TARGET = 7.0;
				ONLY_ACTIVE_ARCH = YES;
				SDKROOT = iphoneos;
			};
			name = Debug;
		};
		4EAA70BB188CC8ED004CA02A /* Release */ = {
			isa = XCBuildConfiguration;
			buildSettings = {
				ALWAYS_SEARCH_USER_PATHS = NO;
				ARCHS = "$(ARCHS_STANDARD_INCLUDING_64_BIT)";
				CLANG_CXX_LANGUAGE_STANDARD = "gnu++0x";
				CLANG_CXX_LIBRARY = "libc++";
				CLANG_ENABLE_MODULES = YES;
				CLANG_ENABLE_OBJC_ARC = YES;
				CLANG_WARN_BOOL_CONVERSION = YES;
				CLANG_WARN_CONSTANT_CONVERSION = YES;
				CLANG_WARN_DIRECT_OBJC_ISA_USAGE = YES_ERROR;
				CLANG_WARN_EMPTY_BODY = YES;
				CLANG_WARN_ENUM_CONVERSION = YES;
				CLANG_WARN_INT_CONVERSION = YES;
				CLANG_WARN_OBJC_ROOT_CLASS = YES_ERROR;
				CLANG_WARN__DUPLICATE_METHOD_MATCH = YES;
				"CODE_SIGN_IDENTITY[sdk=iphoneos*]" = "iPhone Developer";
				COPY_PHASE_STRIP = YES;
				ENABLE_NS_ASSERTIONS = NO;
				GCC_C_LANGUAGE_STANDARD = gnu99;
				GCC_WARN_64_TO_32_BIT_CONVERSION = YES;
				GCC_WARN_ABOUT_RETURN_TYPE = YES_ERROR;
				GCC_WARN_UNDECLARED_SELECTOR = YES;
				GCC_WARN_UNINITIALIZED_AUTOS = YES;
				GCC_WARN_UNUSED_FUNCTION = YES;
				GCC_WARN_UNUSED_VARIABLE = YES;
				IPHONEOS_DEPLOYMENT_TARGET = 7.0;
				SDKROOT = iphoneos;
				VALIDATE_PRODUCT = YES;
			};
			name = Release;
		};
		4EAA70BD188CC8ED004CA02A /* Debug */ = {
			isa = XCBuildConfiguration;
			buildSettings = {
				ASSETCATALOG_COMPILER_LAUNCHIMAGE_NAME = LaunchImage;
				CODE_SIGN_IDENTITY = "iPhone Developer";
				FRAMEWORK_SEARCH_PATHS = (
					"$(inherited)",
					"/Users/ivanlesko/Documents/XCode\\ Projects/20140119_SpiceFeed/20140119_SpiceFeed",
				);
				GCC_PRECOMPILE_PREFIX_HEADER = YES;
				GCC_PREFIX_HEADER = "20140119_SpiceFeed/20140119_SpiceFeed-Prefix.pch";
				INFOPLIST_FILE = "20140119_SpiceFeed/20140119_SpiceFeed-Info.plist";
				PRODUCT_NAME = "$(TARGET_NAME)";
				WRAPPER_EXTENSION = app;
			};
			name = Debug;
		};
		4EAA70BE188CC8ED004CA02A /* Release */ = {
			isa = XCBuildConfiguration;
			buildSettings = {
				ASSETCATALOG_COMPILER_LAUNCHIMAGE_NAME = LaunchImage;
				CODE_SIGN_IDENTITY = "iPhone Developer";
				FRAMEWORK_SEARCH_PATHS = (
					"$(inherited)",
					"/Users/ivanlesko/Documents/XCode\\ Projects/20140119_SpiceFeed/20140119_SpiceFeed",
				);
				GCC_PRECOMPILE_PREFIX_HEADER = YES;
				GCC_PREFIX_HEADER = "20140119_SpiceFeed/20140119_SpiceFeed-Prefix.pch";
				INFOPLIST_FILE = "20140119_SpiceFeed/20140119_SpiceFeed-Info.plist";
				PRODUCT_NAME = "$(TARGET_NAME)";
				WRAPPER_EXTENSION = app;
			};
			name = Release;
		};
		4EAA70C0188CC8ED004CA02A /* Debug */ = {
			isa = XCBuildConfiguration;
			buildSettings = {
				ARCHS = "$(ARCHS_STANDARD_INCLUDING_64_BIT)";
				BUNDLE_LOADER = "$(BUILT_PRODUCTS_DIR)/20140119_SpiceFeed.app/20140119_SpiceFeed";
				FRAMEWORK_SEARCH_PATHS = (
					"$(SDKROOT)/Developer/Library/Frameworks",
					"$(inherited)",
					"$(DEVELOPER_FRAMEWORKS_DIR)",
				);
				GCC_PRECOMPILE_PREFIX_HEADER = YES;
				GCC_PREFIX_HEADER = "20140119_SpiceFeed/20140119_SpiceFeed-Prefix.pch";
				GCC_PREPROCESSOR_DEFINITIONS = (
					"DEBUG=1",
					"$(inherited)",
				);
				INFOPLIST_FILE = "20140119_SpiceFeedTests/20140119_SpiceFeedTests-Info.plist";
				PRODUCT_NAME = "$(TARGET_NAME)";
				TEST_HOST = "$(BUNDLE_LOADER)";
				WRAPPER_EXTENSION = xctest;
			};
			name = Debug;
		};
		4EAA70C1188CC8ED004CA02A /* Release */ = {
			isa = XCBuildConfiguration;
			buildSettings = {
				ARCHS = "$(ARCHS_STANDARD_INCLUDING_64_BIT)";
				BUNDLE_LOADER = "$(BUILT_PRODUCTS_DIR)/20140119_SpiceFeed.app/20140119_SpiceFeed";
				FRAMEWORK_SEARCH_PATHS = (
					"$(SDKROOT)/Developer/Library/Frameworks",
					"$(inherited)",
					"$(DEVELOPER_FRAMEWORKS_DIR)",
				);
				GCC_PRECOMPILE_PREFIX_HEADER = YES;
				GCC_PREFIX_HEADER = "20140119_SpiceFeed/20140119_SpiceFeed-Prefix.pch";
				INFOPLIST_FILE = "20140119_SpiceFeedTests/20140119_SpiceFeedTests-Info.plist";
				PRODUCT_NAME = "$(TARGET_NAME)";
				TEST_HOST = "$(BUNDLE_LOADER)";
				WRAPPER_EXTENSION = xctest;
			};
			name = Release;
		};
/* End XCBuildConfiguration section */

/* Begin XCConfigurationList section */
		4EAA7085188CC8ED004CA02A /* Build configuration list for PBXProject "20140119_SpiceFeed" */ = {
			isa = XCConfigurationList;
			buildConfigurations = (
				4EAA70BA188CC8ED004CA02A /* Debug */,
				4EAA70BB188CC8ED004CA02A /* Release */,
			);
			defaultConfigurationIsVisible = 0;
			defaultConfigurationName = Release;
		};
		4EAA70BC188CC8ED004CA02A /* Build configuration list for PBXNativeTarget "20140119_SpiceFeed" */ = {
			isa = XCConfigurationList;
			buildConfigurations = (
				4EAA70BD188CC8ED004CA02A /* Debug */,
				4EAA70BE188CC8ED004CA02A /* Release */,
			);
			defaultConfigurationIsVisible = 0;
			defaultConfigurationName = Release;
		};
		4EAA70BF188CC8ED004CA02A /* Build configuration list for PBXNativeTarget "20140119_SpiceFeedTests" */ = {
			isa = XCConfigurationList;
			buildConfigurations = (
				4EAA70C0188CC8ED004CA02A /* Debug */,
				4EAA70C1188CC8ED004CA02A /* Release */,
			);
			defaultConfigurationIsVisible = 0;
			defaultConfigurationName = Release;
		};
/* End XCConfigurationList section */

/* Begin XCVersionGroup section */
		4E3870411894515300AC82E2 /* SpiceModel.xcdatamodeld */ = {
			isa = XCVersionGroup;
			children = (
				4E3870421894515300AC82E2 /* SpiceModel.xcdatamodel */,
			);
			currentVersion = 4E3870421894515300AC82E2 /* SpiceModel.xcdatamodel */;
			path = SpiceModel.xcdatamodeld;
			sourceTree = "<group>";
			versionGroupType = wrapper.xcdatamodel;
		};
/* End XCVersionGroup section */
	};
	rootObject = 4EAA7082188CC8ED004CA02A /* Project object */;
}
